// !$*UTF8*$!
{
	archiveVersion = 1;
	classes = {
	};
	objectVersion = 46;
	objects = {

/* Begin PBXBuildFile section */
		B624CDA71E1C16F60094E121 /* AppDelegate.swift in Sources */ = {isa = PBXBuildFile; fileRef = B624CDA61E1C16F60094E121 /* AppDelegate.swift */; };
		B624CDA91E1C16F60094E121 /* ViewController.swift in Sources */ = {isa = PBXBuildFile; fileRef = B624CDA81E1C16F60094E121 /* ViewController.swift */; };
		B624CDAC1E1C16F60094E121 /* Main.storyboard in Resources */ = {isa = PBXBuildFile; fileRef = B624CDAA1E1C16F60094E121 /* Main.storyboard */; };
		B624CDAF1E1C16F60094E121 /* DreamLister.xcdatamodeld in Sources */ = {isa = PBXBuildFile; fileRef = B624CDAD1E1C16F60094E121 /* DreamLister.xcdatamodeld */; };
		B624CDB11E1C16F60094E121 /* Assets.xcassets in Resources */ = {isa = PBXBuildFile; fileRef = B624CDB01E1C16F60094E121 /* Assets.xcassets */; };
		B624CDB41E1C16F60094E121 /* LaunchScreen.storyboard in Resources */ = {isa = PBXBuildFile; fileRef = B624CDB21E1C16F60094E121 /* LaunchScreen.storyboard */; };
/* End PBXBuildFile section */

/* Begin PBXFileReference section */
		B624CDA31E1C16F60094E121 /* DreamLister.app */ = {isa = PBXFileReference; explicitFileType = wrapper.application; includeInIndex = 0; path = DreamLister.app; sourceTree = BUILT_PRODUCTS_DIR; };
		B624CDA61E1C16F60094E121 /* AppDelegate.swift */ = {isa = PBXFileReference; lastKnownFileType = sourcecode.swift; path = AppDelegate.swift; sourceTree = "<group>"; };
		B624CDA81E1C16F60094E121 /* ViewController.swift */ = {isa = PBXFileReference; lastKnownFileType = sourcecode.swift; path = ViewController.swift; sourceTree = "<group>"; };
		B624CDAB1E1C16F60094E121 /* Base */ = {isa = PBXFileReference; lastKnownFileType = file.storyboard; name = Base; path = Base.lproj/Main.storyboard; sourceTree = "<group>"; };
		B624CDAE1E1C16F60094E121 /* DreamLister.xcdatamodel */ = {isa = PBXFileReference; lastKnownFileType = wrapper.xcdatamodel; path = DreamLister.xcdatamodel; sourceTree = "<group>"; };
		B624CDB01E1C16F60094E121 /* Assets.xcassets */ = {isa = PBXFileReference; lastKnownFileType = folder.assetcatalog; path = Assets.xcassets; sourceTree = "<group>"; };
		B624CDB31E1C16F60094E121 /* Base */ = {isa = PBXFileReference; lastKnownFileType = file.storyboard; name = Base; path = Base.lproj/LaunchScreen.storyboard; sourceTree = "<group>"; };
		B624CDB51E1C16F60094E121 /* Info.plist */ = {isa = PBXFileReference; lastKnownFileType = text.plist.xml; path = Info.plist; sourceTree = "<group>"; };
/* End PBXFileReference section */

/* Begin PBXFrameworksBuildPhase section */
		B624CDA01E1C16F60094E121 /* Frameworks */ = {
			isa = PBXFrameworksBuildPhase;
			buildActionMask = 2147483647;
			files = (
			);
			runOnlyForDeploymentPostprocessing = 0;
		};
/* End PBXFrameworksBuildPhase section */

/* Begin PBXGroup section */
		B624CD9A1E1C16F60094E121 = {
			isa = PBXGroup;
			children = (
				B624CDA51E1C16F60094E121 /* DreamLister */,
				B624CDA41E1C16F60094E121 /* Products */,
			);
			sourceTree = "<group>";
		};
		B624CDA41E1C16F60094E121 /* Products */ = {
			isa = PBXGroup;
			children = (
				B624CDA31E1C16F60094E121 /* DreamLister.app */,
			);
			name = Products;
			sourceTree = "<group>";
		};
		B624CDA51E1C16F60094E121 /* DreamLister */ = {
			isa = PBXGroup;
			children = (
				B624CDA61E1C16F60094E121 /* AppDelegate.swift */,
				B624CDA81E1C16F60094E121 /* ViewController.swift */,
				B624CDAA1E1C16F60094E121 /* Main.storyboard */,
				B624CDB01E1C16F60094E121 /* Assets.xcassets */,
				B624CDB21E1C16F60094E121 /* LaunchScreen.storyboard */,
				B624CDB51E1C16F60094E121 /* Info.plist */,
				B624CDAD1E1C16F60094E121 /* DreamLister.xcdatamodeld */,
			);
			path = DreamLister;
			sourceTree = "<group>";
		};
/* End PBXGroup section */

/* Begin PBXNativeTarget section */
		B624CDA21E1C16F60094E121 /* DreamLister */ = {
			isa = PBXNativeTarget;
			buildConfigurationList = B624CDB81E1C16F60094E121 /* Build configuration list for PBXNativeTarget "DreamLister" */;
			buildPhases = (
				B624CD9F1E1C16F60094E121 /* Sources */,
				B624CDA01E1C16F60094E121 /* Frameworks */,
				B624CDA11E1C16F60094E121 /* Resources */,
			);
			buildRules = (
			);
			dependencies = (
			);
			name = DreamLister;
			productName = DreamLister;
			productReference = B624CDA31E1C16F60094E121 /* DreamLister.app */;
			productType = "com.apple.product-type.application";
		};
/* End PBXNativeTarget section */

/* Begin PBXProject section */
		B624CD9B1E1C16F60094E121 /* Project object */ = {
			isa = PBXProject;
			attributes = {
				LastSwiftUpdateCheck = 0820;
				LastUpgradeCheck = 0820;
				ORGANIZATIONNAME = "Sandra Rezk";
				TargetAttributes = {
					B624CDA21E1C16F60094E121 = {
						CreatedOnToolsVersion = 8.2.1;
						ProvisioningStyle = Automatic;
					};
				};
			};
			buildConfigurationList = B624CD9E1E1C16F60094E121 /* Build configuration list for PBXProject "DreamLister" */;
			compatibilityVersion = "Xcode 3.2";
			developmentRegion = English;
			hasScannedForEncodings = 0;
			knownRegions = (
				en,
				Base,
			);
			mainGroup = B624CD9A1E1C16F60094E121;
			productRefGroup = B624CDA41E1C16F60094E121 /* Products */;
			projectDirPath = "";
			projectRoot = "";
			targets = (
				B624CDA21E1C16F60094E121 /* DreamLister */,
			);
		};
/* End PBXProject section */

/* Begin PBXResourcesBuildPhase section */
		B624CDA11E1C16F60094E121 /* Resources */ = {
			isa = PBXResourcesBuildPhase;
			buildActionMask = 2147483647;
			files = (
				B624CDB41E1C16F60094E121 /* LaunchScreen.storyboard in Resources */,
				B624CDB11E1C16F60094E121 /* Assets.xcassets in Resources */,
				B624CDAC1E1C16F60094E121 /* Main.storyboard in Resources */,
			);
			runOnlyForDeploymentPostprocessing = 0;
		};
/* End PBXResourcesBuildPhase section */

/* Begin PBXSourcesBuildPhase section */
		B624CD9F1E1C16F60094E121 /* Sources */ = {
			isa = PBXSourcesBuildPhase;
			buildActionMask = 2147483647;
			files = (
				B624CDA91E1C16F60094E121 /* ViewController.swift in Sources */,
				B624CDA71E1C16F60094E121 /* AppDelegate.swift in Sources */,
				B624CDAF1E1C16F60094E121 /* DreamLister.xcdatamodeld in Sources */,
			);
			runOnlyForDeploymentPostprocessing = 0;
		};
/* End PBXSourcesBuildPhase section */

/* Begin PBXVariantGroup section */
		B624CDAA1E1C16F60094E121 /* Main.storyboard */ = {
			isa = PBXVariantGroup;
			children = (
				B624CDAB1E1C16F60094E121 /* Base */,
			);
			name = Main.storyboard;
			sourceTree = "<group>";
		};
		B624CDB21E1C16F60094E121 /* LaunchScreen.storyboard */ = {
			isa = PBXVariantGroup;
			children = (
				B624CDB31E1C16F60094E121 /* Base */,
			);
			name = LaunchScreen.storyboard;
			sourceTree = "<group>";
		};
/* End PBXVariantGroup section */

/* Begin XCBuildConfiguration section */
		B624CDB61E1C16F60094E121 /* Debug */ = {
			isa = XCBuildConfiguration;
			buildSettings = {
				ALWAYS_SEARCH_USER_PATHS = NO;
				CLANG_ANALYZER_NONNULL = YES;
				CLANG_CXX_LANGUAGE_STANDARD = "gnu++0x";
				CLANG_CXX_LIBRARY = "libc++";
				CLANG_ENABLE_MODULES = YES;
				CLANG_ENABLE_OBJC_ARC = YES;
				CLANG_WARN_BOOL_CONVERSION = YES;
				CLANG_WARN_CONSTANT_CONVERSION = YES;
				CLANG_WARN_DIRECT_OBJC_ISA_USAGE = YES_ERROR;
				CLANG_WARN_DOCUMENTATION_COMMENTS = YES;
				CLANG_WARN_EMPTY_BODY = YES;
				CLANG_WARN_ENUM_CONVERSION = YES;
				CLANG_WARN_INFINITE_RECURSION = YES;
				CLANG_WARN_INT_CONVERSION = YES;
				CLANG_WARN_OBJC_ROOT_CLASS = YES_ERROR;
				CLANG_WARN_SUSPICIOUS_MOVE = YES;
				CLANG_WARN_UNREACHABLE_CODE = YES;
				CLANG_WARN__DUPLICATE_METHOD_MATCH = YES;
				"CODE_SIGN_IDENTITY[sdk=iphoneos*]" = "iPhone Developer";
				COPY_PHASE_STRIP = NO;
				DEBUG_INFORMATION_FORMAT = dwarf;
				ENABLE_STRICT_OBJC_MSGSEND = YES;
				ENABLE_TESTABILITY = YES;
				GCC_C_LANGUAGE_STANDARD = gnu99;
				GCC_DYNAMIC_NO_PIC = NO;
				GCC_NO_COMMON_BLOCKS = YES;
				GCC_OPTIMIZATION_LEVEL = 0;
				GCC_PREPROCESSOR_DEFINITIONS = (
					"DEBUG=1",
					"$(inherited)",
				);
				GCC_WARN_64_TO_32_BIT_CONVERSION = YES;
				GCC_WARN_ABOUT_RETURN_TYPE = YES_ERROR;
				GCC_WARN_UNDECLARED_SELECTOR = YES;
				GCC_WARN_UNINITIALIZED_AUTOS = YES_AGGRESSIVE;
				GCC_WARN_UNUSED_FUNCTION = YES;
				GCC_WARN_UNUSED_VARIABLE = YES;
				IPHONEOS_DEPLOYMENT_TARGET = 10.2;
				MTL_ENABLE_DEBUG_INFO = YES;
				ONLY_ACTIVE_ARCH = YES;
				SDKROOT = iphoneos;
				SWIFT_ACTIVE_COMPILATION_CONDITIONS = DEBUG;
				SWIFT_OPTIMIZATION_LEVEL = "-Onone";
				TARGETED_DEVICE_FAMILY = "1,2";
			};
			name = Debug;
		};
		B624CDB71E1C16F60094E121 /* Release */ = {
			isa = XCBuildConfiguration;
			buildSettings = {
				ALWAYS_SEARCH_USER_PATHS = NO;
				CLANG_ANALYZER_NONNULL = YES;
				CLANG_CXX_LANGUAGE_STANDARD = "gnu++0x";
				CLANG_CXX_LIBRARY = "libc++";
				CLANG_ENABLE_MODULES = YES;
				CLANG_ENABLE_OBJC_ARC = YES;
				CLANG_WARN_BOOL_CONVERSION = YES;
				CLANG_WARN_CONSTANT_CONVERSION = YES;
				CLANG_WARN_DIRECT_OBJC_ISA_USAGE = YES_ERROR;
				CLANG_WARN_DOCUMENTATION_COMMENTS = YES;
				CLANG_WARN_EMPTY_BODY = YES;
				CLANG_WARN_ENUM_CONVERSION = YES;
				CLANG_WARN_INFINITE_RECURSION = YES;
				CLANG_WARN_INT_CONVERSION = YES;
				CLANG_WARN_OBJC_ROOT_CLASS = YES_ERROR;
				CLANG_WARN_SUSPICIOUS_MOVE = YES;
				CLANG_WARN_UNREACHABLE_CODE = YES;
				CLANG_WARN__DUPLICATE_METHOD_MATCH = YES;
				"CODE_SIGN_IDENTITY[sdk=iphoneos*]" = "iPhone Developer";
				COPY_PHASE_STRIP = NO;
				DEBUG_INFORMATION_FORMAT = "dwarf-with-dsym";
				ENABLE_NS_ASSERTIONS = NO;
				ENABLE_STRICT_OBJC_MSGSEND = YES;
				GCC_C_LANGUAGE_STANDARD = gnu99;
				GCC_NO_COMMON_BLOCKS = YES;
				GCC_WARN_64_TO_32_BIT_CONVERSION = YES;
				GCC_WARN_ABOUT_RETURN_TYPE = YES_ERROR;
				GCC_WARN_UNDECLARED_SELECTOR = YES;
				GCC_WARN_UNINITIALIZED_AUTOS = YES_AGGRESSIVE;
				GCC_WARN_UNUSED_FUNCTION = YES;
				GCC_WARN_UNUSED_VARIABLE = YES;
				IPHONEOS_DEPLOYMENT_TARGET = 10.2;
				MTL_ENABLE_DEBUG_INFO = NO;
				SDKROOT = iphoneos;
				SWIFT_OPTIMIZATION_LEVEL = "-Owholemodule";
				TARGETED_DEVICE_FAMILY = "1,2";
				VALIDATE_PRODUCT = YES;
			};
			name = Release;
		};
		B624CDB91E1C16F60094E121 /* Debug */ = {
			isa = XCBuildConfiguration;
			buildSettings = {
				ASSETCATALOG_COMPILER_APPICON_NAME = AppIcon;
				INFOPLIST_FILE = DreamLister/Info.plist;
				LD_RUNPATH_SEARCH_PATHS = "$(inherited) @executable_path/Frameworks";
				PRODUCT_BUNDLE_IDENTIFIER = outpostdigital.DreamLister;
				PRODUCT_NAME = "$(TARGET_NAME)";
				SWIFT_VERSION = 3.0;
			};
			name = Debug;
		};
		B624CDBA1E1C16F60094E121 /* Release */ = {
			isa = XCBuildConfiguration;
			buildSettings = {
				ASSETCATALOG_COMPILER_APPICON_NAME = AppIcon;
				INFOPLIST_FILE = DreamLister/Info.plist;
				LD_RUNPATH_SEARCH_PATHS = "$(inherited) @executable_path/Frameworks";
				PRODUCT_BUNDLE_IDENTIFIER = outpostdigital.DreamLister;
				PRODUCT_NAME = "$(TARGET_NAME)";
				SWIFT_VERSION = 3.0;
			};
			name = Release;
		};
/* End XCBuildConfiguration section */

/* Begin XCConfigurationList section */
		B624CD9E1E1C16F60094E121 /* Build configuration list for PBXProject "DreamLister" */ = {
			isa = XCConfigurationList;
			buildConfigurations = (
				B624CDB61E1C16F60094E121 /* Debug */,
				B624CDB71E1C16F60094E121 /* Release */,
			);
			defaultConfigurationIsVisible = 0;
			defaultConfigurationName = Release;
		};
		B624CDB81E1C16F60094E121 /* Build configuration list for PBXNativeTarget "DreamLister" */ = {
			isa = XCConfigurationList;
			buildConfigurations = (
				B624CDB91E1C16F60094E121 /* Debug */,
				B624CDBA1E1C16F60094E121 /* Release */,
			);
			defaultConfigurationIsVisible = 0;
		};
/* End XCConfigurationList section */

/* Begin XCVersionGroup section */
		B624CDAD1E1C16F60094E121 /* DreamLister.xcdatamodeld */ = {
			isa = XCVersionGroup;
			children = (
				B624CDAE1E1C16F60094E121 /* DreamLister.xcdatamodel */,
			);
			currentVersion = B624CDAE1E1C16F60094E121 /* DreamLister.xcdatamodel */;
			path = DreamLister.xcdatamodeld;
			sourceTree = "<group>";
			versionGroupType = wrapper.xcdatamodel;
		};
/* End XCVersionGroup section */
	};
	rootObject = B624CD9B1E1C16F60094E121 /* Project object */;
}
